
Microsoft Visual Studio Solution File, Format Version 12.00
# Visual Studio Version 16
VisualStudioVersion = 16.0.30011.22
MinimumVisualStudioVersion = 10.0.40219.1
Project("{FAE04EC0-301F-11D3-BF4B-00C04F79EFBC}") = "Win_Interface", "Win_Interface.csproj", "{F296B8E2-C930-4E61-9311-1379888984DD}"
EndProject
Global
	GlobalSection(SolutionConfigurationPlatforms) = preSolution
		Debug|Any CPU = Debug|Any CPU
		Release|Any CPU = Release|Any CPU
	EndGlobalSection
	GlobalSection(ProjectConfigurationPlatforms) = postSolution
		{F296B8E2-C930-4E61-9311-1379888984DD}.Debug|Any CPU.ActiveCfg = Debug|Any CPU
		{F296B8E2-C930-4E61-9311-1379888984DD}.Debug|Any CPU.Build.0 = Debug|Any CPU
		{F296B8E2-C930-4E61-9311-1379888984DD}.Release|Any CPU.ActiveCfg = Release|Any CPU
		{F296B8E2-C930-4E61-9311-1379888984DD}.Release|Any CPU.Build.0 = Release|Any CPU
	EndGlobalSection
	GlobalSection(SolutionProperties) = preSolution
		HideSolutionNode = FALSE
	EndGlobalSection
	GlobalSection(ExtensibilityGlobals) = postSolution
		SolutionGuid = {22978FA8-313E-46CA-9D61-97B2C3C8E967}
	EndGlobalSection
EndGlobal
