
Microsoft Visual Studio Solution File, Format Version 12.00
# Visual Studio Version 16
VisualStudioVersion = 16.0.30011.22
MinimumVisualStudioVersion = 10.0.40219.1
Project("{FAE04EC0-301F-11D3-BF4B-00C04F79EFBC}") = "Win_PolimorfizmUygulama", "Win_PolimorfizmUygulama.csproj", "{3EAD8F2B-A59C-4BA0-97D6-B0FF5F69B942}"
EndProject
Global
	GlobalSection(SolutionConfigurationPlatforms) = preSolution
		Debug|Any CPU = Debug|Any CPU
		Release|Any CPU = Release|Any CPU
	EndGlobalSection
	GlobalSection(ProjectConfigurationPlatforms) = postSolution
		{3EAD8F2B-A59C-4BA0-97D6-B0FF5F69B942}.Debug|Any CPU.ActiveCfg = Debug|Any CPU
		{3EAD8F2B-A59C-4BA0-97D6-B0FF5F69B942}.Debug|Any CPU.Build.0 = Debug|Any CPU
		{3EAD8F2B-A59C-4BA0-97D6-B0FF5F69B942}.Release|Any CPU.ActiveCfg = Release|Any CPU
		{3EAD8F2B-A59C-4BA0-97D6-B0FF5F69B942}.Release|Any CPU.Build.0 = Release|Any CPU
	EndGlobalSection
	GlobalSection(SolutionProperties) = preSolution
		HideSolutionNode = FALSE
	EndGlobalSection
	GlobalSection(ExtensibilityGlobals) = postSolution
		SolutionGuid = {F787DCB5-121B-46DF-8C87-8E6CF126BAE4}
	EndGlobalSection
EndGlobal
